
Microsoft Visual Studio Solution File, Format Version 12.00
# Visual Studio 15
VisualStudioVersion = 15.0.27130.2003
MinimumVisualStudioVersion = 10.0.40219.1
Project("{FAE04EC0-301F-11D3-BF4B-00C04F79EFBC}") = "CSNaverParser", "CSNaverParser\CSNaverParser.csproj", "{317D830F-A45E-43C3-B3D7-DA4148DC86C8}"
EndProject
Global
	GlobalSection(SolutionConfigurationPlatforms) = preSolution
		Debug|Any CPU = Debug|Any CPU
		Release|Any CPU = Release|Any CPU
	EndGlobalSection
	GlobalSection(ProjectConfigurationPlatforms) = postSolution
		{317D830F-A45E-43C3-B3D7-DA4148DC86C8}.Debug|Any CPU.ActiveCfg = Debug|Any CPU
		{317D830F-A45E-43C3-B3D7-DA4148DC86C8}.Debug|Any CPU.Build.0 = Debug|Any CPU
		{317D830F-A45E-43C3-B3D7-DA4148DC86C8}.Release|Any CPU.ActiveCfg = Release|Any CPU
		{317D830F-A45E-43C3-B3D7-DA4148DC86C8}.Release|Any CPU.Build.0 = Release|Any CPU
	EndGlobalSection
	GlobalSection(SolutionProperties) = preSolution
		HideSolutionNode = FALSE
	EndGlobalSection
	GlobalSection(ExtensibilityGlobals) = postSolution
		SolutionGuid = {6F8BF688-2CDF-447D-948B-0E1EE770C326}
	EndGlobalSection
EndGlobal
