
Microsoft Visual Studio Solution File, Format Version 12.00
# Visual Studio 15
VisualStudioVersion = 15.0.27130.2003
MinimumVisualStudioVersion = 10.0.40219.1
Project("{FAE04EC0-301F-11D3-BF4B-00C04F79EFBC}") = "XamarinPeek", "XamarinPeek.csproj", "{509DA226-4AE2-4953-A0C7-167B6124C286}"
EndProject
Global
	GlobalSection(SolutionConfigurationPlatforms) = preSolution
		Debug|Any CPU = Debug|Any CPU
		Release|Any CPU = Release|Any CPU
	EndGlobalSection
	GlobalSection(ProjectConfigurationPlatforms) = postSolution
		{509DA226-4AE2-4953-A0C7-167B6124C286}.Debug|Any CPU.ActiveCfg = Debug|Any CPU
		{509DA226-4AE2-4953-A0C7-167B6124C286}.Debug|Any CPU.Build.0 = Debug|Any CPU
		{509DA226-4AE2-4953-A0C7-167B6124C286}.Debug|Any CPU.Deploy.0 = Debug|Any CPU
		{509DA226-4AE2-4953-A0C7-167B6124C286}.Release|Any CPU.ActiveCfg = Release|Any CPU
		{509DA226-4AE2-4953-A0C7-167B6124C286}.Release|Any CPU.Build.0 = Release|Any CPU
		{509DA226-4AE2-4953-A0C7-167B6124C286}.Release|Any CPU.Deploy.0 = Release|Any CPU
	EndGlobalSection
	GlobalSection(SolutionProperties) = preSolution
		HideSolutionNode = FALSE
	EndGlobalSection
	GlobalSection(ExtensibilityGlobals) = postSolution
		SolutionGuid = {645B4387-F9AA-47D7-BB3E-C1FBA6813D43}
	EndGlobalSection
EndGlobal
